// !$*UTF8*$!
{
	archiveVersion = 1;
	classes = {
	};
	objectVersion = 55;
	objects = {

/* Begin PBXBuildFile section */
		1F74CA942784330F00DC5B4B /* NetworkService.swift in Sources */ = {isa = PBXBuildFile; fileRef = 1F74CA932784330F00DC5B4B /* NetworkService.swift */; };
		1F74CA972784354300DC5B4B /* Endpoint.swift in Sources */ = {isa = PBXBuildFile; fileRef = 1F74CA962784354300DC5B4B /* Endpoint.swift */; };
		1F74CA9A278435D600DC5B4B /* Topic.swift in Sources */ = {isa = PBXBuildFile; fileRef = 1F74CA99278435D600DC5B4B /* Topic.swift */; };
		1F74CA9D2784360D00DC5B4B /* SplashEndpoint.swift in Sources */ = {isa = PBXBuildFile; fileRef = 1F74CA9C2784360D00DC5B4B /* SplashEndpoint.swift */; };
		1F74CA9F278438DD00DC5B4B /* TransferService.swift in Sources */ = {isa = PBXBuildFile; fileRef = 1F74CA9E278438DD00DC5B4B /* TransferService.swift */; };
		1F74CAA127843A6600DC5B4B /* Secrets.swift in Sources */ = {isa = PBXBuildFile; fileRef = 1F74CAA027843A6600DC5B4B /* Secrets.swift */; };
		1F8F31F827860D8E00C516E1 /* QueryResult.swift in Sources */ = {isa = PBXBuildFile; fileRef = 1F8F31F727860D8E00C516E1 /* QueryResult.swift */; };
		1F94B2A42786B1770037D8BF /* QueryPhotoInformationUsecase.swift in Sources */ = {isa = PBXBuildFile; fileRef = 1F94B2A32786B1770037D8BF /* QueryPhotoInformationUsecase.swift */; };
		1F94B2A62786B1AB0037D8BF /* QueryPhotoInformationRepository.swift in Sources */ = {isa = PBXBuildFile; fileRef = 1F94B2A52786B1AA0037D8BF /* QueryPhotoInformationRepository.swift */; };
		1FA5770527858D620058D907 /* TopicPhotoInformationRepository.swift in Sources */ = {isa = PBXBuildFile; fileRef = 1FA5770427858D620058D907 /* TopicPhotoInformationRepository.swift */; };
		1FA5770A2785D70C0058D907 /* PhotoCell.swift in Sources */ = {isa = PBXBuildFile; fileRef = 1FA577082785D70B0058D907 /* PhotoCell.swift */; };
		1FA5770B2785D70C0058D907 /* PhotoCell.xib in Resources */ = {isa = PBXBuildFile; fileRef = 1FA577092785D70B0058D907 /* PhotoCell.xib */; };
		1FA5770D2785D9310058D907 /* DiscoverViewController.swift in Sources */ = {isa = PBXBuildFile; fileRef = 1FA5770C2785D9310058D907 /* DiscoverViewController.swift */; };
		1FA5770F2785E4A20058D907 /* DiscoverViewModel.swift in Sources */ = {isa = PBXBuildFile; fileRef = 1FA5770E2785E4A20058D907 /* DiscoverViewModel.swift */; };
		1FA577112785E83B0058D907 /* EndpointFactory.swift in Sources */ = {isa = PBXBuildFile; fileRef = 1FA577102785E83B0058D907 /* EndpointFactory.swift */; };
		1FAF5166278037E2009036F9 /* AppDelegate.swift in Sources */ = {isa = PBXBuildFile; fileRef = 1FAF5165278037E2009036F9 /* AppDelegate.swift */; };
		1FAF5168278037E2009036F9 /* SceneDelegate.swift in Sources */ = {isa = PBXBuildFile; fileRef = 1FAF5167278037E2009036F9 /* SceneDelegate.swift */; };
		1FAF516A278037E2009036F9 /* HomeViewController.swift in Sources */ = {isa = PBXBuildFile; fileRef = 1FAF5169278037E2009036F9 /* HomeViewController.swift */; };
		1FAF516D278037E2009036F9 /* Main.storyboard in Resources */ = {isa = PBXBuildFile; fileRef = 1FAF516B278037E2009036F9 /* Main.storyboard */; };
		1FAF516F278037E3009036F9 /* Assets.xcassets in Resources */ = {isa = PBXBuildFile; fileRef = 1FAF516E278037E3009036F9 /* Assets.xcassets */; };
		1FAF5172278037E3009036F9 /* LaunchScreen.storyboard in Resources */ = {isa = PBXBuildFile; fileRef = 1FAF5170278037E3009036F9 /* LaunchScreen.storyboard */; };
		1FD3282127843FA7005B1150 /* Observable.swift in Sources */ = {isa = PBXBuildFile; fileRef = 1FD3282027843FA7005B1150 /* Observable.swift */; };
		1FD3282327843FBE005B1150 /* HomeViewModel.swift in Sources */ = {isa = PBXBuildFile; fileRef = 1FD3282227843FBE005B1150 /* HomeViewModel.swift */; };
		1FD3282527844187005B1150 /* PhotoInformation.swift in Sources */ = {isa = PBXBuildFile; fileRef = 1FD3282427844187005B1150 /* PhotoInformation.swift */; };
		1FD3282B27849A96005B1150 /* TopicCell.swift in Sources */ = {isa = PBXBuildFile; fileRef = 1FD3282A27849A96005B1150 /* TopicCell.swift */; };
		1FD3282F27858010005B1150 /* TopicPhotoInformationUsecase.swift in Sources */ = {isa = PBXBuildFile; fileRef = 1FD3282E27858010005B1150 /* TopicPhotoInformationUsecase.swift */; };
/* End PBXBuildFile section */

/* Begin PBXFileReference section */
		1F74CA932784330F00DC5B4B /* NetworkService.swift */ = {isa = PBXFileReference; lastKnownFileType = sourcecode.swift; path = NetworkService.swift; sourceTree = "<group>"; };
		1F74CA962784354300DC5B4B /* Endpoint.swift */ = {isa = PBXFileReference; lastKnownFileType = sourcecode.swift; path = Endpoint.swift; sourceTree = "<group>"; };
		1F74CA99278435D600DC5B4B /* Topic.swift */ = {isa = PBXFileReference; lastKnownFileType = sourcecode.swift; path = Topic.swift; sourceTree = "<group>"; };
		1F74CA9C2784360D00DC5B4B /* SplashEndpoint.swift */ = {isa = PBXFileReference; lastKnownFileType = sourcecode.swift; path = SplashEndpoint.swift; sourceTree = "<group>"; };
		1F74CA9E278438DD00DC5B4B /* TransferService.swift */ = {isa = PBXFileReference; lastKnownFileType = sourcecode.swift; path = TransferService.swift; sourceTree = "<group>"; };
		1F74CAA027843A6600DC5B4B /* Secrets.swift */ = {isa = PBXFileReference; lastKnownFileType = sourcecode.swift; path = Secrets.swift; sourceTree = "<group>"; };
		1F8F31F727860D8E00C516E1 /* QueryResult.swift */ = {isa = PBXFileReference; lastKnownFileType = sourcecode.swift; path = QueryResult.swift; sourceTree = "<group>"; };
		1F94B2A32786B1770037D8BF /* QueryPhotoInformationUsecase.swift */ = {isa = PBXFileReference; lastKnownFileType = sourcecode.swift; path = QueryPhotoInformationUsecase.swift; sourceTree = "<group>"; };
		1F94B2A52786B1AA0037D8BF /* QueryPhotoInformationRepository.swift */ = {isa = PBXFileReference; lastKnownFileType = sourcecode.swift; path = QueryPhotoInformationRepository.swift; sourceTree = "<group>"; };
		1FA5770427858D620058D907 /* TopicPhotoInformationRepository.swift */ = {isa = PBXFileReference; lastKnownFileType = sourcecode.swift; path = TopicPhotoInformationRepository.swift; sourceTree = "<group>"; };
		1FA577082785D70B0058D907 /* PhotoCell.swift */ = {isa = PBXFileReference; lastKnownFileType = sourcecode.swift; path = PhotoCell.swift; sourceTree = "<group>"; };
		1FA577092785D70B0058D907 /* PhotoCell.xib */ = {isa = PBXFileReference; lastKnownFileType = file.xib; path = PhotoCell.xib; sourceTree = "<group>"; };
		1FA5770C2785D9310058D907 /* DiscoverViewController.swift */ = {isa = PBXFileReference; lastKnownFileType = sourcecode.swift; path = DiscoverViewController.swift; sourceTree = "<group>"; };
		1FA5770E2785E4A20058D907 /* DiscoverViewModel.swift */ = {isa = PBXFileReference; lastKnownFileType = sourcecode.swift; path = DiscoverViewModel.swift; sourceTree = "<group>"; };
		1FA577102785E83B0058D907 /* EndpointFactory.swift */ = {isa = PBXFileReference; lastKnownFileType = sourcecode.swift; path = EndpointFactory.swift; sourceTree = "<group>"; };
		1FAF5162278037E2009036F9 /* Splash.app */ = {isa = PBXFileReference; explicitFileType = wrapper.application; includeInIndex = 0; path = Splash.app; sourceTree = BUILT_PRODUCTS_DIR; };
		1FAF5165278037E2009036F9 /* AppDelegate.swift */ = {isa = PBXFileReference; lastKnownFileType = sourcecode.swift; path = AppDelegate.swift; sourceTree = "<group>"; };
		1FAF5167278037E2009036F9 /* SceneDelegate.swift */ = {isa = PBXFileReference; lastKnownFileType = sourcecode.swift; path = SceneDelegate.swift; sourceTree = "<group>"; };
		1FAF5169278037E2009036F9 /* HomeViewController.swift */ = {isa = PBXFileReference; lastKnownFileType = sourcecode.swift; path = HomeViewController.swift; sourceTree = "<group>"; };
		1FAF516C278037E2009036F9 /* Base */ = {isa = PBXFileReference; lastKnownFileType = file.storyboard; name = Base; path = Base.lproj/Main.storyboard; sourceTree = "<group>"; };
		1FAF516E278037E3009036F9 /* Assets.xcassets */ = {isa = PBXFileReference; lastKnownFileType = folder.assetcatalog; path = Assets.xcassets; sourceTree = "<group>"; };
		1FAF5171278037E3009036F9 /* Base */ = {isa = PBXFileReference; lastKnownFileType = file.storyboard; name = Base; path = Base.lproj/LaunchScreen.storyboard; sourceTree = "<group>"; };
		1FAF5173278037E3009036F9 /* Info.plist */ = {isa = PBXFileReference; lastKnownFileType = text.plist.xml; path = Info.plist; sourceTree = "<group>"; };
		1FD3282027843FA7005B1150 /* Observable.swift */ = {isa = PBXFileReference; lastKnownFileType = sourcecode.swift; path = Observable.swift; sourceTree = "<group>"; };
		1FD3282227843FBE005B1150 /* HomeViewModel.swift */ = {isa = PBXFileReference; lastKnownFileType = sourcecode.swift; path = HomeViewModel.swift; sourceTree = "<group>"; };
		1FD3282427844187005B1150 /* PhotoInformation.swift */ = {isa = PBXFileReference; lastKnownFileType = sourcecode.swift; path = PhotoInformation.swift; sourceTree = "<group>"; };
		1FD3282A27849A96005B1150 /* TopicCell.swift */ = {isa = PBXFileReference; lastKnownFileType = sourcecode.swift; path = TopicCell.swift; sourceTree = "<group>"; };
		1FD3282E27858010005B1150 /* TopicPhotoInformationUsecase.swift */ = {isa = PBXFileReference; lastKnownFileType = sourcecode.swift; path = TopicPhotoInformationUsecase.swift; sourceTree = "<group>"; };
/* End PBXFileReference section */

/* Begin PBXFrameworksBuildPhase section */
		1FAF515F278037E2009036F9 /* Frameworks */ = {
			isa = PBXFrameworksBuildPhase;
			buildActionMask = 2147483647;
			files = (
			);
			runOnlyForDeploymentPostprocessing = 0;
		};
/* End PBXFrameworksBuildPhase section */

/* Begin PBXGroup section */
		1F74CA952784336500DC5B4B /* Infrastructure */ = {
			isa = PBXGroup;
			children = (
				1FA5770427858D620058D907 /* TopicPhotoInformationRepository.swift */,
				1F94B2A52786B1AA0037D8BF /* QueryPhotoInformationRepository.swift */,
				1F74CA9E278438DD00DC5B4B /* TransferService.swift */,
				1F74CA932784330F00DC5B4B /* NetworkService.swift */,
				1F74CA962784354300DC5B4B /* Endpoint.swift */,
				1FA577102785E83B0058D907 /* EndpointFactory.swift */,
			);
			path = Infrastructure;
			sourceTree = "<group>";
		};
		1F74CA9B278435DE00DC5B4B /* Domain */ = {
			isa = PBXGroup;
			children = (
				1FD3282E27858010005B1150 /* TopicPhotoInformationUsecase.swift */,
				1F94B2A32786B1770037D8BF /* QueryPhotoInformationUsecase.swift */,
				1FD3282427844187005B1150 /* PhotoInformation.swift */,
				1F74CA99278435D600DC5B4B /* Topic.swift */,
				1F74CA9C2784360D00DC5B4B /* SplashEndpoint.swift */,
				1F8F31F727860D8E00C516E1 /* QueryResult.swift */,
			);
			path = Domain;
			sourceTree = "<group>";
		};
		1F74CAA227843AA500DC5B4B /* Common */ = {
			isa = PBXGroup;
			children = (
				1F74CAA027843A6600DC5B4B /* Secrets.swift */,
				1FD3282027843FA7005B1150 /* Observable.swift */,
			);
			path = Common;
			sourceTree = "<group>";
		};
		1F74CAA327843B4C00DC5B4B /* Presentation */ = {
			isa = PBXGroup;
			children = (
				1FAF5169278037E2009036F9 /* HomeViewController.swift */,
				1FD3282227843FBE005B1150 /* HomeViewModel.swift */,
				1FD3282A27849A96005B1150 /* TopicCell.swift */,
				1FA577082785D70B0058D907 /* PhotoCell.swift */,
				1FA577092785D70B0058D907 /* PhotoCell.xib */,
				1FA5770C2785D9310058D907 /* DiscoverViewController.swift */,
				1FA5770E2785E4A20058D907 /* DiscoverViewModel.swift */,
			);
			path = Presentation;
			sourceTree = "<group>";
		};
		1FA1884D278039B80021500A /* Supporting Files */ = {
			isa = PBXGroup;
			children = (
				1FAF5165278037E2009036F9 /* AppDelegate.swift */,
				1FAF5167278037E2009036F9 /* SceneDelegate.swift */,
				1FAF516E278037E3009036F9 /* Assets.xcassets */,
				1FAF5170278037E3009036F9 /* LaunchScreen.storyboard */,
			);
			path = "Supporting Files";
			sourceTree = "<group>";
		};
		1FAF5159278037E2009036F9 = {
			isa = PBXGroup;
			children = (
				1FAF5164278037E2009036F9 /* Splash */,
				1FAF5163278037E2009036F9 /* Products */,
			);
			sourceTree = "<group>";
		};
		1FAF5163278037E2009036F9 /* Products */ = {
			isa = PBXGroup;
			children = (
				1FAF5162278037E2009036F9 /* Splash.app */,
			);
			name = Products;
			sourceTree = "<group>";
		};
		1FAF5164278037E2009036F9 /* Splash */ = {
			isa = PBXGroup;
			children = (
				1FA1884D278039B80021500A /* Supporting Files */,
				1F74CAA227843AA500DC5B4B /* Common */,
				1F74CAA327843B4C00DC5B4B /* Presentation */,
				1F74CA9B278435DE00DC5B4B /* Domain */,
				1F74CA952784336500DC5B4B /* Infrastructure */,
				1FAF516B278037E2009036F9 /* Main.storyboard */,
				1FAF5173278037E3009036F9 /* Info.plist */,
			);
			path = Splash;
			sourceTree = "<group>";
		};
/* End PBXGroup section */

/* Begin PBXNativeTarget section */
		1FAF5161278037E2009036F9 /* Splash */ = {
			isa = PBXNativeTarget;
			buildConfigurationList = 1FAF5176278037E3009036F9 /* Build configuration list for PBXNativeTarget "Splash" */;
			buildPhases = (
				1FAF515E278037E2009036F9 /* Sources */,
				1FAF515F278037E2009036F9 /* Frameworks */,
				1FAF5160278037E2009036F9 /* Resources */,
				1F74CA982784356500DC5B4B /* ShellScript */,
			);
			buildRules = (
			);
			dependencies = (
			);
			name = Splash;
			productName = Splash;
			productReference = 1FAF5162278037E2009036F9 /* Splash.app */;
			productType = "com.apple.product-type.application";
		};
/* End PBXNativeTarget section */

/* Begin PBXProject section */
		1FAF515A278037E2009036F9 /* Project object */ = {
			isa = PBXProject;
			attributes = {
				BuildIndependentTargetsInParallel = 1;
				LastSwiftUpdateCheck = 1320;
				LastUpgradeCheck = 1320;
				TargetAttributes = {
					1FAF5161278037E2009036F9 = {
						CreatedOnToolsVersion = 13.2.1;
					};
				};
			};
			buildConfigurationList = 1FAF515D278037E2009036F9 /* Build configuration list for PBXProject "Splash" */;
			compatibilityVersion = "Xcode 13.0";
			developmentRegion = en;
			hasScannedForEncodings = 0;
			knownRegions = (
				en,
				Base,
			);
			mainGroup = 1FAF5159278037E2009036F9;
			productRefGroup = 1FAF5163278037E2009036F9 /* Products */;
			projectDirPath = "";
			projectRoot = "";
			targets = (
				1FAF5161278037E2009036F9 /* Splash */,
			);
		};
/* End PBXProject section */

/* Begin PBXResourcesBuildPhase section */
		1FAF5160278037E2009036F9 /* Resources */ = {
			isa = PBXResourcesBuildPhase;
			buildActionMask = 2147483647;
			files = (
				1FAF5172278037E3009036F9 /* LaunchScreen.storyboard in Resources */,
				1FAF516F278037E3009036F9 /* Assets.xcassets in Resources */,
				1FAF516D278037E2009036F9 /* Main.storyboard in Resources */,
				1FA5770B2785D70C0058D907 /* PhotoCell.xib in Resources */,
			);
			runOnlyForDeploymentPostprocessing = 0;
		};
/* End PBXResourcesBuildPhase section */

/* Begin PBXShellScriptBuildPhase section */
		1F74CA982784356500DC5B4B /* ShellScript */ = {
			isa = PBXShellScriptBuildPhase;
			buildActionMask = 2147483647;
			files = (
			);
			inputFileListPaths = (
			);
			inputPaths = (
			);
			outputFileListPaths = (
			);
			outputPaths = (
			);
			runOnlyForDeploymentPostprocessing = 0;
			shellPath = /bin/sh;
			shellScript = "";
		};
/* End PBXShellScriptBuildPhase section */

/* Begin PBXSourcesBuildPhase section */
		1FAF515E278037E2009036F9 /* Sources */ = {
			isa = PBXSourcesBuildPhase;
			buildActionMask = 2147483647;
			files = (
				1FD3282127843FA7005B1150 /* Observable.swift in Sources */,
				1F94B2A42786B1770037D8BF /* QueryPhotoInformationUsecase.swift in Sources */,
				1FAF516A278037E2009036F9 /* HomeViewController.swift in Sources */,
				1F74CA9D2784360D00DC5B4B /* SplashEndpoint.swift in Sources */,
				1FA5770F2785E4A20058D907 /* DiscoverViewModel.swift in Sources */,
				1F74CA9A278435D600DC5B4B /* Topic.swift in Sources */,
				1F8F31F827860D8E00C516E1 /* QueryResult.swift in Sources */,
				1FAF5166278037E2009036F9 /* AppDelegate.swift in Sources */,
				1FA5770A2785D70C0058D907 /* PhotoCell.swift in Sources */,
				1FD3282F27858010005B1150 /* TopicPhotoInformationUsecase.swift in Sources */,
				1FA5770527858D620058D907 /* TopicPhotoInformationRepository.swift in Sources */,
				1FD3282B27849A96005B1150 /* TopicCell.swift in Sources */,
				1F74CA942784330F00DC5B4B /* NetworkService.swift in Sources */,
				1FD3282527844187005B1150 /* PhotoInformation.swift in Sources */,
				1FA5770D2785D9310058D907 /* DiscoverViewController.swift in Sources */,
				1FAF5168278037E2009036F9 /* SceneDelegate.swift in Sources */,
				1FD3282327843FBE005B1150 /* HomeViewModel.swift in Sources */,
				1F74CA9F278438DD00DC5B4B /* TransferService.swift in Sources */,
				1F94B2A62786B1AB0037D8BF /* QueryPhotoInformationRepository.swift in Sources */,
				1F74CAA127843A6600DC5B4B /* Secrets.swift in Sources */,
				1F74CA972784354300DC5B4B /* Endpoint.swift in Sources */,
				1FA577112785E83B0058D907 /* EndpointFactory.swift in Sources */,
			);
			runOnlyForDeploymentPostprocessing = 0;
		};
/* End PBXSourcesBuildPhase section */

/* Begin PBXVariantGroup section */
		1FAF516B278037E2009036F9 /* Main.storyboard */ = {
			isa = PBXVariantGroup;
			children = (
				1FAF516C278037E2009036F9 /* Base */,
			);
			name = Main.storyboard;
			sourceTree = "<group>";
		};
		1FAF5170278037E3009036F9 /* LaunchScreen.storyboard */ = {
			isa = PBXVariantGroup;
			children = (
				1FAF5171278037E3009036F9 /* Base */,
			);
			name = LaunchScreen.storyboard;
			sourceTree = "<group>";
		};
/* End PBXVariantGroup section */

/* Begin XCBuildConfiguration section */
		1FAF5174278037E3009036F9 /* Debug */ = {
			isa = XCBuildConfiguration;
			buildSettings = {
				ALWAYS_SEARCH_USER_PATHS = NO;
				CLANG_ANALYZER_NONNULL = YES;
				CLANG_ANALYZER_NUMBER_OBJECT_CONVERSION = YES_AGGRESSIVE;
				CLANG_CXX_LANGUAGE_STANDARD = "gnu++17";
				CLANG_CXX_LIBRARY = "libc++";
				CLANG_ENABLE_MODULES = YES;
				CLANG_ENABLE_OBJC_ARC = YES;
				CLANG_ENABLE_OBJC_WEAK = YES;
				CLANG_WARN_BLOCK_CAPTURE_AUTORELEASING = YES;
				CLANG_WARN_BOOL_CONVERSION = YES;
				CLANG_WARN_COMMA = YES;
				CLANG_WARN_CONSTANT_CONVERSION = YES;
				CLANG_WARN_DEPRECATED_OBJC_IMPLEMENTATIONS = YES;
				CLANG_WARN_DIRECT_OBJC_ISA_USAGE = YES_ERROR;
				CLANG_WARN_DOCUMENTATION_COMMENTS = YES;
				CLANG_WARN_EMPTY_BODY = YES;
				CLANG_WARN_ENUM_CONVERSION = YES;
				CLANG_WARN_INFINITE_RECURSION = YES;
				CLANG_WARN_INT_CONVERSION = YES;
				CLANG_WARN_NON_LITERAL_NULL_CONVERSION = YES;
				CLANG_WARN_OBJC_IMPLICIT_RETAIN_SELF = YES;
				CLANG_WARN_OBJC_LITERAL_CONVERSION = YES;
				CLANG_WARN_OBJC_ROOT_CLASS = YES_ERROR;
				CLANG_WARN_QUOTED_INCLUDE_IN_FRAMEWORK_HEADER = YES;
				CLANG_WARN_RANGE_LOOP_ANALYSIS = YES;
				CLANG_WARN_STRICT_PROTOTYPES = YES;
				CLANG_WARN_SUSPICIOUS_MOVE = YES;
				CLANG_WARN_UNGUARDED_AVAILABILITY = YES_AGGRESSIVE;
				CLANG_WARN_UNREACHABLE_CODE = YES;
				CLANG_WARN__DUPLICATE_METHOD_MATCH = YES;
				COPY_PHASE_STRIP = NO;
				DEBUG_INFORMATION_FORMAT = dwarf;
				ENABLE_STRICT_OBJC_MSGSEND = YES;
				ENABLE_TESTABILITY = YES;
				GCC_C_LANGUAGE_STANDARD = gnu11;
				GCC_DYNAMIC_NO_PIC = NO;
				GCC_NO_COMMON_BLOCKS = YES;
				GCC_OPTIMIZATION_LEVEL = 0;
				GCC_PREPROCESSOR_DEFINITIONS = (
					"DEBUG=1",
					"$(inherited)",
				);
				GCC_WARN_64_TO_32_BIT_CONVERSION = YES;
				GCC_WARN_ABOUT_RETURN_TYPE = YES_ERROR;
				GCC_WARN_UNDECLARED_SELECTOR = YES;
				GCC_WARN_UNINITIALIZED_AUTOS = YES_AGGRESSIVE;
				GCC_WARN_UNUSED_FUNCTION = YES;
				GCC_WARN_UNUSED_VARIABLE = YES;
				IPHONEOS_DEPLOYMENT_TARGET = 13.0;
				MTL_ENABLE_DEBUG_INFO = INCLUDE_SOURCE;
				MTL_FAST_MATH = YES;
				ONLY_ACTIVE_ARCH = YES;
				SDKROOT = iphoneos;
				SWIFT_ACTIVE_COMPILATION_CONDITIONS = DEBUG;
				SWIFT_OPTIMIZATION_LEVEL = "-Onone";
			};
			name = Debug;
		};
		1FAF5175278037E3009036F9 /* Release */ = {
			isa = XCBuildConfiguration;
			buildSettings = {
				ALWAYS_SEARCH_USER_PATHS = NO;
				CLANG_ANALYZER_NONNULL = YES;
				CLANG_ANALYZER_NUMBER_OBJECT_CONVERSION = YES_AGGRESSIVE;
				CLANG_CXX_LANGUAGE_STANDARD = "gnu++17";
				CLANG_CXX_LIBRARY = "libc++";
				CLANG_ENABLE_MODULES = YES;
				CLANG_ENABLE_OBJC_ARC = YES;
				CLANG_ENABLE_OBJC_WEAK = YES;
				CLANG_WARN_BLOCK_CAPTURE_AUTORELEASING = YES;
				CLANG_WARN_BOOL_CONVERSION = YES;
				CLANG_WARN_COMMA = YES;
				CLANG_WARN_CONSTANT_CONVERSION = YES;
				CLANG_WARN_DEPRECATED_OBJC_IMPLEMENTATIONS = YES;
				CLANG_WARN_DIRECT_OBJC_ISA_USAGE = YES_ERROR;
				CLANG_WARN_DOCUMENTATION_COMMENTS = YES;
				CLANG_WARN_EMPTY_BODY = YES;
				CLANG_WARN_ENUM_CONVERSION = YES;
				CLANG_WARN_INFINITE_RECURSION = YES;
				CLANG_WARN_INT_CONVERSION = YES;
				CLANG_WARN_NON_LITERAL_NULL_CONVERSION = YES;
				CLANG_WARN_OBJC_IMPLICIT_RETAIN_SELF = YES;
				CLANG_WARN_OBJC_LITERAL_CONVERSION = YES;
				CLANG_WARN_OBJC_ROOT_CLASS = YES_ERROR;
				CLANG_WARN_QUOTED_INCLUDE_IN_FRAMEWORK_HEADER = YES;
				CLANG_WARN_RANGE_LOOP_ANALYSIS = YES;
				CLANG_WARN_STRICT_PROTOTYPES = YES;
				CLANG_WARN_SUSPICIOUS_MOVE = YES;
				CLANG_WARN_UNGUARDED_AVAILABILITY = YES_AGGRESSIVE;
				CLANG_WARN_UNREACHABLE_CODE = YES;
				CLANG_WARN__DUPLICATE_METHOD_MATCH = YES;
				COPY_PHASE_STRIP = NO;
				DEBUG_INFORMATION_FORMAT = "dwarf-with-dsym";
				ENABLE_NS_ASSERTIONS = NO;
				ENABLE_STRICT_OBJC_MSGSEND = YES;
				GCC_C_LANGUAGE_STANDARD = gnu11;
				GCC_NO_COMMON_BLOCKS = YES;
				GCC_WARN_64_TO_32_BIT_CONVERSION = YES;
				GCC_WARN_ABOUT_RETURN_TYPE = YES_ERROR;
				GCC_WARN_UNDECLARED_SELECTOR = YES;
				GCC_WARN_UNINITIALIZED_AUTOS = YES_AGGRESSIVE;
				GCC_WARN_UNUSED_FUNCTION = YES;
				GCC_WARN_UNUSED_VARIABLE = YES;
				IPHONEOS_DEPLOYMENT_TARGET = 13.0;
				MTL_ENABLE_DEBUG_INFO = NO;
				MTL_FAST_MATH = YES;
				SDKROOT = iphoneos;
				SWIFT_COMPILATION_MODE = wholemodule;
				SWIFT_OPTIMIZATION_LEVEL = "-O";
				VALIDATE_PRODUCT = YES;
			};
			name = Release;
		};
		1FAF5177278037E3009036F9 /* Debug */ = {
			isa = XCBuildConfiguration;
			buildSettings = {
				ASSETCATALOG_COMPILER_APPICON_NAME = AppIcon;
				ASSETCATALOG_COMPILER_GLOBAL_ACCENT_COLOR_NAME = AccentColor;
				CODE_SIGN_STYLE = Automatic;
				CURRENT_PROJECT_VERSION = 1;
				DEVELOPMENT_TEAM = CGBBVTVCWH;
				GENERATE_INFOPLIST_FILE = YES;
				INFOPLIST_FILE = Splash/Info.plist;
				INFOPLIST_KEY_UIApplicationSupportsIndirectInputEvents = YES;
				INFOPLIST_KEY_UILaunchStoryboardName = LaunchScreen;
				INFOPLIST_KEY_UIMainStoryboardFile = Main;
				INFOPLIST_KEY_UISupportedInterfaceOrientations = UIInterfaceOrientationPortrait;
				INFOPLIST_KEY_UISupportedInterfaceOrientations_iPad = "UIInterfaceOrientationPortrait UIInterfaceOrientationPortraitUpsideDown UIInterfaceOrientationLandscapeLeft UIInterfaceOrientationLandscapeRight";
				INFOPLIST_KEY_UISupportedInterfaceOrientations_iPhone = "UIInterfaceOrientationPortrait UIInterfaceOrientationLandscapeLeft UIInterfaceOrientationLandscapeRight";
				IPHONEOS_DEPLOYMENT_TARGET = 13.0;
				LD_RUNPATH_SEARCH_PATHS = (
					"$(inherited)",
					"@executable_path/Frameworks",
				);
				MARKETING_VERSION = 1.0;
				PRODUCT_BUNDLE_IDENTIFIER = com.jeff.Splash;
				PRODUCT_NAME = "$(TARGET_NAME)";
				SWIFT_EMIT_LOC_STRINGS = YES;
				SWIFT_VERSION = 5.0;
				TARGETED_DEVICE_FAMILY = 1;
			};
			name = Debug;
		};
		1FAF5178278037E3009036F9 /* Release */ = {
			isa = XCBuildConfiguration;
			buildSettings = {
				ASSETCATALOG_COMPILER_APPICON_NAME = AppIcon;
				ASSETCATALOG_COMPILER_GLOBAL_ACCENT_COLOR_NAME = AccentColor;
				CODE_SIGN_STYLE = Automatic;
				CURRENT_PROJECT_VERSION = 1;
				DEVELOPMENT_TEAM = CGBBVTVCWH;
				GENERATE_INFOPLIST_FILE = YES;
				INFOPLIST_FILE = Splash/Info.plist;
				INFOPLIST_KEY_UIApplicationSupportsIndirectInputEvents = YES;
				INFOPLIST_KEY_UILaunchStoryboardName = LaunchScreen;
				INFOPLIST_KEY_UIMainStoryboardFile = Main;
				INFOPLIST_KEY_UISupportedInterfaceOrientations = UIInterfaceOrientationPortrait;
				INFOPLIST_KEY_UISupportedInterfaceOrientations_iPad = "UIInterfaceOrientationPortrait UIInterfaceOrientationPortraitUpsideDown UIInterfaceOrientationLandscapeLeft UIInterfaceOrientationLandscapeRight";
				INFOPLIST_KEY_UISupportedInterfaceOrientations_iPhone = "UIInterfaceOrientationPortrait UIInterfaceOrientationLandscapeLeft UIInterfaceOrientationLandscapeRight";
				IPHONEOS_DEPLOYMENT_TARGET = 13.0;
				LD_RUNPATH_SEARCH_PATHS = (
					"$(inherited)",
					"@executable_path/Frameworks",
				);
				MARKETING_VERSION = 1.0;
				PRODUCT_BUNDLE_IDENTIFIER = com.jeff.Splash;
				PRODUCT_NAME = "$(TARGET_NAME)";
				SWIFT_EMIT_LOC_STRINGS = YES;
				SWIFT_VERSION = 5.0;
				TARGETED_DEVICE_FAMILY = 1;
			};
			name = Release;
		};
/* End XCBuildConfiguration section */

/* Begin XCConfigurationList section */
		1FAF515D278037E2009036F9 /* Build configuration list for PBXProject "Splash" */ = {
			isa = XCConfigurationList;
			buildConfigurations = (
				1FAF5174278037E3009036F9 /* Debug */,
				1FAF5175278037E3009036F9 /* Release */,
			);
			defaultConfigurationIsVisible = 0;
			defaultConfigurationName = Release;
		};
		1FAF5176278037E3009036F9 /* Build configuration list for PBXNativeTarget "Splash" */ = {
			isa = XCConfigurationList;
			buildConfigurations = (
				1FAF5177278037E3009036F9 /* Debug */,
				1FAF5178278037E3009036F9 /* Release */,
			);
			defaultConfigurationIsVisible = 0;
			defaultConfigurationName = Release;
		};
/* End XCConfigurationList section */
	};
	rootObject = 1FAF515A278037E2009036F9 /* Project object */;
}
